{
  "version": 4,
  "terraform_version": "1.14.8",
  "serial": 184,
  "lineage": "3366d32b-a737-23f6-1a6d-984b45585d1a",
  "outputs": {
    "connectivity_test_info": {
      "value": {
        "ec2_instance_1_ssh": "ssh -i \u003ckey.pem\u003e ec2-user@18.143.174.179",
        "ec2_instance_2_ssh": "ssh -i \u003ckey.pem\u003e ec2-user@18.142.237.175",
        "vpc_a_to_vpc_b_route": "10.1.0.0/16 → pcx-02b79bd691c998526",
        "vpc_b_to_vpc_a_route": "10.0.0.0/16 → pcx-02b79bd691c998526"
      },
      "type": [
        "object",
        {
          "ec2_instance_1_ssh": "string",
          "ec2_instance_2_ssh": "string",
          "vpc_a_to_vpc_b_route": "string",
          "vpc_b_to_vpc_a_route": "string"
        }
      ]
    },
    "ec2_instance_1_availability_zone": {
      "value": "ap-southeast-1a",
      "type": "string"
    },
    "ec2_instance_1_id": {
      "value": "i-0f4de6f953ae5c2b4",
      "type": "string"
    },
    "ec2_instance_1_private_ip": {
      "value": "10.0.1.39",
      "type": "string"
    },
    "ec2_instance_1_public_ip": {
      "value": "18.143.174.179",
      "type": "string"
    },
    "ec2_instance_1_subnet_id": {
      "value": "subnet-04bee0b6b7a6f8972",
      "type": "string"
    },
    "ec2_instance_2_availability_zone": {
      "value": "ap-southeast-1b",
      "type": "string"
    },
    "ec2_instance_2_id": {
      "value": "i-0d0fec5f2d5fe1ea3",
      "type": "string"
    },
    "ec2_instance_2_private_ip": {
      "value": "10.0.3.28",
      "type": "string"
    },
    "ec2_instance_2_public_ip": {
      "value": "18.142.237.175",
      "type": "string"
    },
    "ec2_instance_2_subnet_id": {
      "value": "subnet-01bcd3d7051a17323",
      "type": "string"
    },
    "ec2_instance_ami_id": {
      "value": "ami-05c2b717d1c760a21",
      "type": "string"
    },
    "ec2_instance_type": {
      "value": "t2.micro",
      "type": "string"
    },
    "ec2_metadata_options": {
      "value": {
        "http_endpoint": "enabled",
        "http_put_response_hop_limit": 1,
        "http_tokens": "optional"
      },
      "type": [
        "object",
        {
          "http_endpoint": "string",
          "http_put_response_hop_limit": "number",
          "http_tokens": "string"
        }
      ]
    },
    "ec2_root_volume_encrypted": {
      "value": "false (unencrypted)",
      "type": "string"
    },
    "ec2_root_volume_size": {
      "value": 20,
      "type": "number"
    },
    "ec2_root_volume_type": {
      "value": "gp3",
      "type": "string"
    },
    "ec2_security_group_id": {
      "value": "sg-07a84c8f47b3ee598",
      "type": "string"
    },
    "ec2_security_group_rules_summary": {
      "value": {
        "inbound_rdp_ipv4": "Allow TCP 3389 from 0.0.0.0/0",
        "inbound_rdp_ipv6": "Allow TCP 3389 from ::/0",
        "inbound_smb_ipv4": "Allow TCP 445 from 0.0.0.0/0",
        "inbound_smb_ipv6": "Allow TCP 445 from ::/0",
        "inbound_ssh_ipv4": "Allow TCP 22 from 0.0.0.0/0",
        "inbound_ssh_ipv6": "Allow TCP 22 from ::/0",
        "outbound": "Allow all traffic (IPv4 and IPv6)"
      },
      "type": [
        "object",
        {
          "inbound_rdp_ipv4": "string",
          "inbound_rdp_ipv6": "string",
          "inbound_smb_ipv4": "string",
          "inbound_smb_ipv6": "string",
          "inbound_ssh_ipv4": "string",
          "inbound_ssh_ipv6": "string",
          "outbound": "string"
        }
      ]
    },
    "ec2_ssh_commands": {
      "value": {
        "instance_1": "ssh -i \u003ckey.pem\u003e ec2-user@18.143.174.179",
        "instance_2": "ssh -i \u003ckey.pem\u003e ec2-user@18.142.237.175"
      },
      "type": [
        "object",
        {
          "instance_1": "string",
          "instance_2": "string"
        }
      ]
    },
    "multi_az_deployment_summary": {
      "value": {
        "ec2_instances": {
          "instance_1": "Public Subnet 1 (ap-southeast-1a)",
          "instance_2": "Public Subnet 2 (ap-southeast-1b)"
        },
        "routing": {
          "igw_route": "0.0.0.0/0 → IGW",
          "peering_route": "10.1.0.0/16 → VPC Peering",
          "private_route_table": "Shared by both Private Subnets",
          "public_route_table": "Shared by both Public Subnets"
        },
        "vpc_a_private_subnets": {
          "subnet_1": "10.0.2.0/24 (ap-southeast-1a)",
          "subnet_2": "10.0.4.0/24 (ap-southeast-1b)"
        },
        "vpc_a_public_subnets": {
          "subnet_1": "10.0.1.0/24 (ap-southeast-1a)",
          "subnet_2": "10.0.3.0/24 (ap-southeast-1b)"
        }
      },
      "type": [
        "object",
        {
          "ec2_instances": [
            "object",
            {
              "instance_1": "string",
              "instance_2": "string"
            }
          ],
          "routing": [
            "object",
            {
              "igw_route": "string",
              "peering_route": "string",
              "private_route_table": "string",
              "public_route_table": "string"
            }
          ],
          "vpc_a_private_subnets": [
            "object",
            {
              "subnet_1": "string",
              "subnet_2": "string"
            }
          ],
          "vpc_a_public_subnets": [
            "object",
            {
              "subnet_1": "string",
              "subnet_2": "string"
            }
          ]
        }
      ]
    },
    "vpc_a_cidr": {
      "value": "10.0.0.0/16",
      "type": "string"
    },
    "vpc_a_default_sg_id": {
      "value": "sg-0330e7dbc862c8b78",
      "type": "string"
    },
    "vpc_a_id": {
      "value": "vpc-0b2e329ed907a3546",
      "type": "string"
    },
    "vpc_a_internet_gateway_id": {
      "value": "igw-094837aa3930a531e",
      "type": "string"
    },
    "vpc_a_nacl_id": {
      "value": "acl-0a5b27cdca4a35571",
      "type": "string"
    },
    "vpc_a_nacl_rules_summary": {
      "value": {
        "applies_to": "Both Public Subnet 1 (AZ 1) and Public Subnet 2 (AZ 2)",
        "inbound_ephemeral": "Allow TCP 1024-65535 from 0.0.0.0/0",
        "inbound_rdp": "Allow TCP 3389 from 0.0.0.0/0",
        "inbound_ssh": "Allow TCP 22 from 0.0.0.0/0",
        "outbound": "Allow all traffic"
      },
      "type": [
        "object",
        {
          "applies_to": "string",
          "inbound_ephemeral": "string",
          "inbound_rdp": "string",
          "inbound_ssh": "string",
          "outbound": "string"
        }
      ]
    },
    "vpc_a_private_route_table_id": {
      "value": "rtb-0184c235ec1f9bfe2",
      "type": "string"
    },
    "vpc_a_private_subnet_1_cidr": {
      "value": "10.0.2.0/24",
      "type": "string"
    },
    "vpc_a_private_subnet_1_id": {
      "value": "subnet-055dceade1135f761",
      "type": "string"
    },
    "vpc_a_private_subnet_2_cidr": {
      "value": "10.0.4.0/24",
      "type": "string"
    },
    "vpc_a_private_subnet_2_id": {
      "value": "subnet-0d653c1af32124730",
      "type": "string"
    },
    "vpc_a_public_route_table_id": {
      "value": "rtb-0387a94a3347afbbe",
      "type": "string"
    },
    "vpc_a_public_subnet_1_az": {
      "value": "ap-southeast-1a",
      "type": "string"
    },
    "vpc_a_public_subnet_1_cidr": {
      "value": "10.0.1.0/24",
      "type": "string"
    },
    "vpc_a_public_subnet_1_id": {
      "value": "subnet-04bee0b6b7a6f8972",
      "type": "string"
    },
    "vpc_a_public_subnet_2_az": {
      "value": "ap-southeast-1b",
      "type": "string"
    },
    "vpc_a_public_subnet_2_cidr": {
      "value": "10.0.3.0/24",
      "type": "string"
    },
    "vpc_a_public_subnet_2_id": {
      "value": "subnet-01bcd3d7051a17323",
      "type": "string"
    },
    "vpc_a_route_table_id": {
      "value": "rtb-0387a94a3347afbbe",
      "type": "string"
    },
    "vpc_b_cidr": {
      "value": "10.1.0.0/16",
      "type": "string"
    },
    "vpc_b_default_sg_id": {
      "value": "sg-0023cc15ea9404741",
      "type": "string"
    },
    "vpc_b_id": {
      "value": "vpc-040075380fe30b359",
      "type": "string"
    },
    "vpc_b_private_subnet_cidr": {
      "value": "10.1.1.0/24",
      "type": "string"
    },
    "vpc_b_private_subnet_id": {
      "value": "subnet-0a1fc4775369f634b",
      "type": "string"
    },
    "vpc_b_route_table_id": {
      "value": "rtb-00c84bbf77b44c970",
      "type": "string"
    },
    "vpc_peering_connection_id": {
      "value": "pcx-02b79bd691c998526",
      "type": "string"
    },
    "vpc_peering_connection_status": {
      "value": "active",
      "type": "string"
    },
    "vulnerabilities_summary": {
      "value": {
        "vulnerability_1": "NACL: Allow SSH (22) and RDP (3389) from 0.0.0.0/0 - Applied to BOTH Public Subnets",
        "vulnerability_2": "Default SG (VPC A): Left unchanged with permissive default rules",
        "vulnerability_3": "Custom SG: Allow SSH, RDP, SMB from 0.0.0.0/0 and ::/0 - Applied to BOTH EC2 Instances",
        "vulnerability_4": "EC2 Metadata: http_tokens = 'optional' enables IMDSv1 - Applied to BOTH EC2 Instances",
        "vulnerability_5": "EBS Root Volume: Explicitly NOT encrypted (encrypted = false) - Applied to BOTH EC2 Instances",
        "vulnerability_6": "Default SG (VPC B): Left unchanged with permissive default rules"
      },
      "type": [
        "object",
        {
          "vulnerability_1": "string",
          "vulnerability_2": "string",
          "vulnerability_3": "string",
          "vulnerability_4": "string",
          "vulnerability_5": "string",
          "vulnerability_6": "string"
        }
      ]
    }
  },
  "resources": [
    {
      "mode": "data",
      "type": "aws_ami",
      "name": "amazon_linux_2023",
      "provider": "provider[\"registry.terraform.io/hashicorp/aws\"]",
      "instances": [
        {
          "schema_version": 0,
          "attributes": {
            "architecture": "x86_64",
            "arn": "arn:aws:ec2:ap-southeast-1::image/ami-05c2b717d1c760a21",
            "block_device_mappings": [
              {
                "device_name": "/dev/xvda",
                "ebs": {
                  "delete_on_termination": "true",
                  "encrypted": "false",
                  "iops": "3000",
                  "snapshot_id": "snap-0c0bd98e77a147326",
                  "throughput": "125",
                  "volume_initialization_rate": "0",
                  "volume_size": "2",
                  "volume_type": "gp3"
                },
                "no_device": "",
                "virtual_name": ""
              }
            ],
            "boot_mode": "uefi-preferred",
            "creation_date": "2026-04-29T19:57:32.000Z",
            "deprecation_time": "2026-07-28T20:02:00.000Z",
            "description": "Amazon Linux 2023 AMI 2023.11.20260427.1 x86_64 Minimal HVM kernel-6.18",
            "ena_support": true,
            "executable_users": null,
            "filter": [
              {
                "name": "name",
                "values": [
                  "al2023-ami-*"
                ]
              },
              {
                "name": "state",
                "values": [
                  "available"
                ]
              },
              {
                "name": "virtualization-type",
                "values": [
                  "hvm"
                ]
              }
            ],
            "hypervisor": "xen",
            "id": "ami-05c2b717d1c760a21",
            "image_id": "ami-05c2b717d1c760a21",
            "image_location": "amazon/al2023-ami-minimal-2023.11.20260427.1-kernel-6.18-x86_64",
            "image_owner_alias": "amazon",
            "image_type": "machine",
            "imds_support": "v2.0",
            "include_deprecated": false,
            "kernel_id": "",
            "last_launched_time": "",
            "most_recent": true,
            "name": "al2023-ami-minimal-2023.11.20260427.1-kernel-6.18-x86_64",
            "name_regex": null,
            "owner_id": "137112412989",
            "owners": [
              "amazon"
            ],
            "platform": "",
            "platform_details": "Linux/UNIX",
            "product_codes": [],
            "public": true,
            "ramdisk_id": "",
            "root_device_name": "/dev/xvda",
            "root_device_type": "ebs",
            "root_snapshot_id": "snap-0c0bd98e77a147326",
            "sriov_net_support": "simple",
            "state": "available",
            "state_reason": {
              "code": "UNSET",
              "message": "UNSET"
            },
            "tags": {},
            "timeouts": null,
            "tpm_support": "",
            "uefi_data": null,
            "usage_operation": "RunInstances",
            "virtualization_type": "hvm"
          },
          "sensitive_attributes": [],
          "identity_schema_version": 0
        }
      ]
    },
    {
      "mode": "data",
      "type": "aws_availability_zones",
      "name": "available",
      "provider": "provider[\"registry.terraform.io/hashicorp/aws\"]",
      "instances": [
        {
          "schema_version": 0,
          "attributes": {
            "all_availability_zones": null,
            "exclude_names": null,
            "exclude_zone_ids": null,
            "filter": null,
            "group_names": [
              "ap-southeast-1-zg-1"
            ],
            "id": "ap-southeast-1",
            "names": [
              "ap-southeast-1a",
              "ap-southeast-1b",
              "ap-southeast-1c"
            ],
            "state": "available",
            "timeouts": null,
            "zone_ids": [
              "apse1-az2",
              "apse1-az1",
              "apse1-az3"
            ]
          },
          "sensitive_attributes": [],
          "identity_schema_version": 0
        }
      ]
    },
    {
      "mode": "data",
      "type": "aws_caller_identity",
      "name": "current",
      "provider": "provider[\"registry.terraform.io/hashicorp/aws\"]",
      "instances": [
        {
          "schema_version": 0,
          "attributes": {
            "account_id": "141571819416",
            "arn": "arn:aws:iam::141571819416:user/anle2",
            "id": "141571819416",
            "user_id": "AIDASB5SWQ6MOMKIYJJX6"
          },
          "sensitive_attributes": [],
          "identity_schema_version": 0
        }
      ]
    },
    {
      "mode": "data",
      "type": "aws_partition",
      "name": "current",
      "provider": "provider[\"registry.terraform.io/hashicorp/aws\"]",
      "instances": [
        {
          "schema_version": 0,
          "attributes": {
            "dns_suffix": "amazonaws.com",
            "id": "aws",
            "partition": "aws",
            "reverse_dns_prefix": "com.amazonaws"
          },
          "sensitive_attributes": [],
          "identity_schema_version": 0
        }
      ]
    },
    {
      "mode": "data",
      "type": "aws_region",
      "name": "current",
      "provider": "provider[\"registry.terraform.io/hashicorp/aws\"]",
      "instances": [
        {
          "schema_version": 0,
          "attributes": {
            "description": "Asia Pacific (Singapore)",
            "endpoint": "ec2.ap-southeast-1.amazonaws.com",
            "id": "ap-southeast-1",
            "name": "ap-southeast-1"
          },
          "sensitive_attributes": [],
          "identity_schema_version": 0
        }
      ]
    },
    {
      "mode": "data",
      "type": "aws_security_group",
      "name": "vpc_a_default",
      "provider": "provider[\"registry.terraform.io/hashicorp/aws\"]",
      "instances": [
        {
          "schema_version": 0,
          "attributes": {
            "arn": "arn:aws:ec2:ap-southeast-1:141571819416:security-group/sg-0330e7dbc862c8b78",
            "description": "default VPC security group",
            "filter": null,
            "id": "sg-0330e7dbc862c8b78",
            "name": "default",
            "tags": {},
            "timeouts": null,
            "vpc_id": "vpc-0b2e329ed907a3546"
          },
          "sensitive_attributes": [],
          "identity_schema_version": 0
        }
      ]
    },
    {
      "mode": "data",
      "type": "aws_security_group",
      "name": "vpc_b_default",
      "provider": "provider[\"registry.terraform.io/hashicorp/aws\"]",
      "instances": [
        {
          "schema_version": 0,
          "attributes": {
            "arn": "arn:aws:ec2:ap-southeast-1:141571819416:security-group/sg-0023cc15ea9404741",
            "description": "default VPC security group",
            "filter": null,
            "id": "sg-0023cc15ea9404741",
            "name": "default",
            "tags": {},
            "timeouts": null,
            "vpc_id": "vpc-040075380fe30b359"
          },
          "sensitive_attributes": [],
          "identity_schema_version": 0
        }
      ]
    },
    {
      "mode": "managed",
      "type": "aws_instance",
      "name": "vulnerable",
      "provider": "provider[\"registry.terraform.io/hashicorp/aws\"]",
      "instances": [
        {
          "index_key": 0,
          "schema_version": 1,
          "attributes": {
            "ami": "ami-05c2b717d1c760a21",
            "arn": "arn:aws:ec2:ap-southeast-1:141571819416:instance/i-0f4de6f953ae5c2b4",
            "associate_public_ip_address": true,
            "availability_zone": "ap-southeast-1a",
            "capacity_reservation_specification": [
              {
                "capacity_reservation_preference": "open",
                "capacity_reservation_target": []
              }
            ],
            "cpu_core_count": 1,
            "cpu_options": [
              {
                "amd_sev_snp": "",
                "core_count": 1,
                "threads_per_core": 1
              }
            ],
            "cpu_threads_per_core": 1,
            "credit_specification": [
              {
                "cpu_credits": "standard"
              }
            ],
            "disable_api_stop": false,
            "disable_api_termination": false,
            "ebs_block_device": [],
            "ebs_optimized": false,
            "enable_primary_ipv6": null,
            "enclave_options": [
              {
                "enabled": false
              }
            ],
            "ephemeral_block_device": [],
            "get_password_data": false,
            "hibernation": false,
            "host_id": "",
            "host_resource_group_arn": null,
            "iam_instance_profile": "",
            "id": "i-0f4de6f953ae5c2b4",
            "instance_initiated_shutdown_behavior": "stop",
            "instance_lifecycle": "",
            "instance_market_options": [],
            "instance_state": "running",
            "instance_type": "t2.micro",
            "ipv6_address_count": 0,
            "ipv6_addresses": [],
            "key_name": "",
            "launch_template": [],
            "maintenance_options": [
              {
                "auto_recovery": "default"
              }
            ],
            "metadata_options": [
              {
                "http_endpoint": "enabled",
                "http_protocol_ipv6": "disabled",
                "http_put_response_hop_limit": 1,
                "http_tokens": "optional",
                "instance_metadata_tags": "enabled"
              }
            ],
            "monitoring": false,
            "network_interface": [],
            "outpost_arn": "",
            "password_data": "",
            "placement_group": "",
            "placement_partition_number": 0,
            "primary_network_interface_id": "eni-0a13d76518c52fe91",
            "private_dns": "ip-10-0-1-39.ap-southeast-1.compute.internal",
            "private_dns_name_options": [
              {
                "enable_resource_name_dns_a_record": false,
                "enable_resource_name_dns_aaaa_record": false,
                "hostname_type": "ip-name"
              }
            ],
            "private_ip": "10.0.1.39",
            "public_dns": "ec2-18-143-174-179.ap-southeast-1.compute.amazonaws.com",
            "public_ip": "18.143.174.179",
            "root_block_device": [
              {
                "delete_on_termination": true,
                "device_name": "/dev/xvda",
                "encrypted": false,
                "iops": 3000,
                "kms_key_id": "",
                "tags": null,
                "tags_all": {
                  "Environment": "lab",
                  "ManagedBy": "Terraform",
                  "Project": "security-audit",
                  "Purpose": "CIS-Audit-Vulnerability-Lab"
                },
                "throughput": 125,
                "volume_id": "vol-05becf5d992e0b6b7",
                "volume_size": 20,
                "volume_type": "gp3"
              }
            ],
            "secondary_private_ips": [],
            "security_groups": [
              "sg-07a84c8f47b3ee598"
            ],
            "source_dest_check": true,
            "spot_instance_request_id": "",
            "subnet_id": "subnet-04bee0b6b7a6f8972",
            "tags": {
              "Environment": "lab",
              "Instance": "Instance-1",
              "ManagedBy": "Terraform",
              "Name": "security-audit-ec2-vulnerable-1",
              "Project": "security-audit",
              "Purpose": "CIS-Audit-Vulnerability-Lab",
              "Vulnerabilities": "4,5"
            },
            "tags_all": {
              "Environment": "lab",
              "Instance": "Instance-1",
              "ManagedBy": "Terraform",
              "Name": "security-audit-ec2-vulnerable-1",
              "Project": "security-audit",
              "Purpose": "CIS-Audit-Vulnerability-Lab",
              "Vulnerabilities": "4,5"
            },
            "tenancy": "default",
            "timeouts": null,
            "user_data": null,
            "user_data_base64": null,
            "user_data_replace_on_change": false,
            "volume_tags": null,
            "vpc_security_group_ids": [
              "sg-07a84c8f47b3ee598"
            ]
          },
          "sensitive_attributes": [],
          "identity_schema_version": 0,
          "private": "eyJlMmJmYjczMC1lY2FhLTExZTYtOGY4OC0zNDM2M2JjN2M0YzAiOnsiY3JlYXRlIjo2MDAwMDAwMDAwMDAsImRlbGV0ZSI6MTIwMDAwMDAwMDAwMCwicmVhZCI6OTAwMDAwMDAwMDAwLCJ1cGRhdGUiOjYwMDAwMDAwMDAwMH0sInNjaGVtYV92ZXJzaW9uIjoiMSJ9",
          "dependencies": [
            "aws_internet_gateway.vpc_a",
            "aws_security_group.ec2_vulnerable",
            "aws_subnet.vpc_a_public_1",
            "aws_subnet.vpc_a_public_2",
            "aws_vpc.vpc_a",
            "data.aws_ami.amazon_linux_2023",
            "data.aws_availability_zones.available"
          ]
        },
        {
          "index_key": 1,
          "schema_version": 1,
          "attributes": {
            "ami": "ami-05c2b717d1c760a21",
            "arn": "arn:aws:ec2:ap-southeast-1:141571819416:instance/i-0d0fec5f2d5fe1ea3",
            "associate_public_ip_address": true,
            "availability_zone": "ap-southeast-1b",
            "capacity_reservation_specification": [
              {
                "capacity_reservation_preference": "open",
                "capacity_reservation_target": []
              }
            ],
            "cpu_core_count": 1,
            "cpu_options": [
              {
                "amd_sev_snp": "",
                "core_count": 1,
                "threads_per_core": 1
              }
            ],
            "cpu_threads_per_core": 1,
            "credit_specification": [
              {
                "cpu_credits": "standard"
              }
            ],
            "disable_api_stop": false,
            "disable_api_termination": false,
            "ebs_block_device": [],
            "ebs_optimized": false,
            "enable_primary_ipv6": null,
            "enclave_options": [
              {
                "enabled": false
              }
            ],
            "ephemeral_block_device": [],
            "get_password_data": false,
            "hibernation": false,
            "host_id": "",
            "host_resource_group_arn": null,
            "iam_instance_profile": "",
            "id": "i-0d0fec5f2d5fe1ea3",
            "instance_initiated_shutdown_behavior": "stop",
            "instance_lifecycle": "",
            "instance_market_options": [],
            "instance_state": "running",
            "instance_type": "t2.micro",
            "ipv6_address_count": 0,
            "ipv6_addresses": [],
            "key_name": "",
            "launch_template": [],
            "maintenance_options": [
              {
                "auto_recovery": "default"
              }
            ],
            "metadata_options": [
              {
                "http_endpoint": "enabled",
                "http_protocol_ipv6": "disabled",
                "http_put_response_hop_limit": 1,
                "http_tokens": "optional",
                "instance_metadata_tags": "enabled"
              }
            ],
            "monitoring": false,
            "network_interface": [],
            "outpost_arn": "",
            "password_data": "",
            "placement_group": "",
            "placement_partition_number": 0,
            "primary_network_interface_id": "eni-0547484c12b58e482",
            "private_dns": "ip-10-0-3-28.ap-southeast-1.compute.internal",
            "private_dns_name_options": [
              {
                "enable_resource_name_dns_a_record": false,
                "enable_resource_name_dns_aaaa_record": false,
                "hostname_type": "ip-name"
              }
            ],
            "private_ip": "10.0.3.28",
            "public_dns": "ec2-18-142-237-175.ap-southeast-1.compute.amazonaws.com",
            "public_ip": "18.142.237.175",
            "root_block_device": [
              {
                "delete_on_termination": true,
                "device_name": "/dev/xvda",
                "encrypted": false,
                "iops": 3000,
                "kms_key_id": "",
                "tags": null,
                "tags_all": {
                  "Environment": "lab",
                  "ManagedBy": "Terraform",
                  "Project": "security-audit",
                  "Purpose": "CIS-Audit-Vulnerability-Lab"
                },
                "throughput": 125,
                "volume_id": "vol-0579a0861c3e8a3b3",
                "volume_size": 20,
                "volume_type": "gp3"
              }
            ],
            "secondary_private_ips": [],
            "security_groups": [
              "sg-07a84c8f47b3ee598"
            ],
            "source_dest_check": true,
            "spot_instance_request_id": "",
            "subnet_id": "subnet-01bcd3d7051a17323",
            "tags": {
              "Environment": "lab",
              "Instance": "Instance-2",
              "ManagedBy": "Terraform",
              "Name": "security-audit-ec2-vulnerable-2",
              "Project": "security-audit",
              "Purpose": "CIS-Audit-Vulnerability-Lab",
              "Vulnerabilities": "4,5"
            },
            "tags_all": {
              "Environment": "lab",
              "Instance": "Instance-2",
              "ManagedBy": "Terraform",
              "Name": "security-audit-ec2-vulnerable-2",
              "Project": "security-audit",
              "Purpose": "CIS-Audit-Vulnerability-Lab",
              "Vulnerabilities": "4,5"
            },
            "tenancy": "default",
            "timeouts": null,
            "user_data": null,
            "user_data_base64": null,
            "user_data_replace_on_change": false,
            "volume_tags": null,
            "vpc_security_group_ids": [
              "sg-07a84c8f47b3ee598"
            ]
          },
          "sensitive_attributes": [],
          "identity_schema_version": 0,
          "private": "eyJlMmJmYjczMC1lY2FhLTExZTYtOGY4OC0zNDM2M2JjN2M0YzAiOnsiY3JlYXRlIjo2MDAwMDAwMDAwMDAsImRlbGV0ZSI6MTIwMDAwMDAwMDAwMCwicmVhZCI6OTAwMDAwMDAwMDAwLCJ1cGRhdGUiOjYwMDAwMDAwMDAwMH0sInNjaGVtYV92ZXJzaW9uIjoiMSJ9",
          "dependencies": [
            "aws_internet_gateway.vpc_a",
            "aws_security_group.ec2_vulnerable",
            "aws_subnet.vpc_a_public_1",
            "aws_subnet.vpc_a_public_2",
            "aws_vpc.vpc_a",
            "data.aws_ami.amazon_linux_2023",
            "data.aws_availability_zones.available"
          ]
        }
      ]
    },
    {
      "mode": "managed",
      "type": "aws_internet_gateway",
      "name": "vpc_a",
      "provider": "provider[\"registry.terraform.io/hashicorp/aws\"]",
      "instances": [
        {
          "schema_version": 0,
          "attributes": {
            "arn": "arn:aws:ec2:ap-southeast-1:141571819416:internet-gateway/igw-094837aa3930a531e",
            "id": "igw-094837aa3930a531e",
            "owner_id": "141571819416",
            "tags": {
              "Environment": "lab",
              "ManagedBy": "Terraform",
              "Name": "security-audit-igw-a",
              "Project": "security-audit",
              "Purpose": "CIS-Audit-Vulnerability-Lab"
            },
            "tags_all": {
              "Environment": "lab",
              "ManagedBy": "Terraform",
              "Name": "security-audit-igw-a",
              "Project": "security-audit",
              "Purpose": "CIS-Audit-Vulnerability-Lab"
            },
            "timeouts": null,
            "vpc_id": "vpc-0b2e329ed907a3546"
          },
          "sensitive_attributes": [],
          "identity_schema_version": 0,
          "private": "eyJlMmJmYjczMC1lY2FhLTExZTYtOGY4OC0zNDM2M2JjN2M0YzAiOnsiY3JlYXRlIjoxMjAwMDAwMDAwMDAwLCJkZWxldGUiOjEyMDAwMDAwMDAwMDAsInVwZGF0ZSI6MTIwMDAwMDAwMDAwMH19",
          "dependencies": [
            "aws_vpc.vpc_a"
          ]
        }
      ]
    },
    {
      "mode": "managed",
      "type": "aws_network_acl",
      "name": "vpc_a_public",
      "provider": "provider[\"registry.terraform.io/hashicorp/aws\"]",
      "instances": [
        {
          "schema_version": 0,
          "attributes": {
            "arn": "arn:aws:ec2:ap-southeast-1:141571819416:network-acl/acl-0a5b27cdca4a35571",
            "egress": [],
            "id": "acl-0a5b27cdca4a35571",
            "ingress": [],
            "owner_id": "141571819416",
            "subnet_ids": [
              "subnet-01bcd3d7051a17323",
              "subnet-04bee0b6b7a6f8972"
            ],
            "tags": {
              "Environment": "lab",
              "ManagedBy": "Terraform",
              "Name": "security-audit-nacl-vpc-a-public",
              "Project": "security-audit",
              "Purpose": "CIS-Audit-Vulnerability-Lab",
              "Vulnerability": "1"
            },
            "tags_all": {
              "Environment": "lab",
              "ManagedBy": "Terraform",
              "Name": "security-audit-nacl-vpc-a-public",
              "Project": "security-audit",
              "Purpose": "CIS-Audit-Vulnerability-Lab",
              "Vulnerability": "1"
            },
            "vpc_id": "vpc-0b2e329ed907a3546"
          },
          "sensitive_attributes": [],
          "identity_schema_version": 0,
          "private": "bnVsbA==",
          "dependencies": [
            "aws_subnet.vpc_a_public_1",
            "aws_subnet.vpc_a_public_2",
            "aws_vpc.vpc_a",
            "data.aws_availability_zones.available"
          ]
        }
      ]
    },
    {
      "mode": "managed",
      "type": "aws_network_acl_rule",
      "name": "vpc_a_inbound_ephemeral",
      "provider": "provider[\"registry.terraform.io/hashicorp/aws\"]",
      "instances": [
        {
          "schema_version": 0,
          "attributes": {
            "cidr_block": "0.0.0.0/0",
            "egress": false,
            "from_port": 1024,
            "icmp_code": null,
            "icmp_type": null,
            "id": "nacl-912839741",
            "ipv6_cidr_block": "",
            "network_acl_id": "acl-0a5b27cdca4a35571",
            "protocol": "6",
            "rule_action": "allow",
            "rule_number": 120,
            "to_port": 65535
          },
          "sensitive_attributes": [],
          "identity_schema_version": 0,
          "private": "bnVsbA==",
          "dependencies": [
            "aws_network_acl.vpc_a_public",
            "aws_subnet.vpc_a_public_1",
            "aws_subnet.vpc_a_public_2",
            "aws_vpc.vpc_a",
            "data.aws_availability_zones.available"
          ]
        }
      ]
    },
    {
      "mode": "managed",
      "type": "aws_network_acl_rule",
      "name": "vpc_a_inbound_rdp",
      "provider": "provider[\"registry.terraform.io/hashicorp/aws\"]",
      "instances": [
        {
          "schema_version": 0,
          "attributes": {
            "cidr_block": "0.0.0.0/0",
            "egress": false,
            "from_port": 3389,
            "icmp_code": null,
            "icmp_type": null,
            "id": "nacl-2342697203",
            "ipv6_cidr_block": "",
            "network_acl_id": "acl-0a5b27cdca4a35571",
            "protocol": "6",
            "rule_action": "allow",
            "rule_number": 110,
            "to_port": 3389
          },
          "sensitive_attributes": [],
          "identity_schema_version": 0,
          "private": "bnVsbA==",
          "dependencies": [
            "aws_network_acl.vpc_a_public",
            "aws_subnet.vpc_a_public_1",
            "aws_subnet.vpc_a_public_2",
            "aws_vpc.vpc_a",
            "data.aws_availability_zones.available"
          ]
        }
      ]
    },
    {
      "mode": "managed",
      "type": "aws_network_acl_rule",
      "name": "vpc_a_inbound_ssh",
      "provider": "provider[\"registry.terraform.io/hashicorp/aws\"]",
      "instances": [
        {
          "schema_version": 0,
          "attributes": {
            "cidr_block": "0.0.0.0/0",
            "egress": false,
            "from_port": 22,
            "icmp_code": null,
            "icmp_type": null,
            "id": "nacl-1446273398",
            "ipv6_cidr_block": "",
            "network_acl_id": "acl-0a5b27cdca4a35571",
            "protocol": "6",
            "rule_action": "allow",
            "rule_number": 100,
            "to_port": 22
          },
          "sensitive_attributes": [],
          "identity_schema_version": 0,
          "private": "bnVsbA==",
          "dependencies": [
            "aws_network_acl.vpc_a_public",
            "aws_subnet.vpc_a_public_1",
            "aws_subnet.vpc_a_public_2",
            "aws_vpc.vpc_a",
            "data.aws_availability_zones.available"
          ]
        }
      ]
    },
    {
      "mode": "managed",
      "type": "aws_network_acl_rule",
      "name": "vpc_a_outbound_all",
      "provider": "provider[\"registry.terraform.io/hashicorp/aws\"]",
      "instances": [
        {
          "schema_version": 0,
          "attributes": {
            "cidr_block": "0.0.0.0/0",
            "egress": true,
            "from_port": 0,
            "icmp_code": null,
            "icmp_type": null,
            "id": "nacl-688819967",
            "ipv6_cidr_block": "",
            "network_acl_id": "acl-0a5b27cdca4a35571",
            "protocol": "-1",
            "rule_action": "allow",
            "rule_number": 100,
            "to_port": 0
          },
          "sensitive_attributes": [],
          "identity_schema_version": 0,
          "private": "bnVsbA==",
          "dependencies": [
            "aws_network_acl.vpc_a_public",
            "aws_subnet.vpc_a_public_1",
            "aws_subnet.vpc_a_public_2",
            "aws_vpc.vpc_a",
            "data.aws_availability_zones.available"
          ]
        }
      ]
    },
    {
      "mode": "managed",
      "type": "aws_route",
      "name": "vpc_a_private_to_vpc_b",
      "provider": "provider[\"registry.terraform.io/hashicorp/aws\"]",
      "instances": [
        {
          "schema_version": 0,
          "attributes": {
            "carrier_gateway_id": "",
            "core_network_arn": "",
            "destination_cidr_block": "10.1.0.0/16",
            "destination_ipv6_cidr_block": "",
            "destination_prefix_list_id": "",
            "egress_only_gateway_id": "",
            "gateway_id": "",
            "id": "r-rtb-0184c235ec1f9bfe23322942084",
            "instance_id": "",
            "instance_owner_id": "",
            "local_gateway_id": "",
            "nat_gateway_id": "",
            "network_interface_id": "",
            "origin": "CreateRoute",
            "route_table_id": "rtb-0184c235ec1f9bfe2",
            "state": "active",
            "timeouts": null,
            "transit_gateway_id": "",
            "vpc_endpoint_id": "",
            "vpc_peering_connection_id": "pcx-02b79bd691c998526"
          },
          "sensitive_attributes": [],
          "identity_schema_version": 0,
          "private": "eyJlMmJmYjczMC1lY2FhLTExZTYtOGY4OC0zNDM2M2JjN2M0YzAiOnsiY3JlYXRlIjozMDAwMDAwMDAwMDAsImRlbGV0ZSI6MzAwMDAwMDAwMDAwLCJ1cGRhdGUiOjEyMDAwMDAwMDAwMH19",
          "dependencies": [
            "aws_route_table.vpc_a_private",
            "aws_vpc.vpc_a",
            "aws_vpc.vpc_b",
            "aws_vpc_peering_connection.main"
          ]
        }
      ]
    },
    {
      "mode": "managed",
      "type": "aws_route",
      "name": "vpc_a_public_igw",
      "provider": "provider[\"registry.terraform.io/hashicorp/aws\"]",
      "instances": [
        {
          "schema_version": 0,
          "attributes": {
            "carrier_gateway_id": "",
            "core_network_arn": "",
            "destination_cidr_block": "0.0.0.0/0",
            "destination_ipv6_cidr_block": "",
            "destination_prefix_list_id": "",
            "egress_only_gateway_id": "",
            "gateway_id": "igw-094837aa3930a531e",
            "id": "r-rtb-0387a94a3347afbbe1080289494",
            "instance_id": "",
            "instance_owner_id": "",
            "local_gateway_id": "",
            "nat_gateway_id": "",
            "network_interface_id": "",
            "origin": "CreateRoute",
            "route_table_id": "rtb-0387a94a3347afbbe",
            "state": "active",
            "timeouts": null,
            "transit_gateway_id": "",
            "vpc_endpoint_id": "",
            "vpc_peering_connection_id": ""
          },
          "sensitive_attributes": [],
          "identity_schema_version": 0,
          "private": "eyJlMmJmYjczMC1lY2FhLTExZTYtOGY4OC0zNDM2M2JjN2M0YzAiOnsiY3JlYXRlIjozMDAwMDAwMDAwMDAsImRlbGV0ZSI6MzAwMDAwMDAwMDAwLCJ1cGRhdGUiOjEyMDAwMDAwMDAwMH19",
          "dependencies": [
            "aws_internet_gateway.vpc_a",
            "aws_route_table.vpc_a_public",
            "aws_vpc.vpc_a"
          ]
        }
      ]
    },
    {
      "mode": "managed",
      "type": "aws_route",
      "name": "vpc_a_public_to_vpc_b",
      "provider": "provider[\"registry.terraform.io/hashicorp/aws\"]",
      "instances": [
        {
          "schema_version": 0,
          "attributes": {
            "carrier_gateway_id": "",
            "core_network_arn": "",
            "destination_cidr_block": "10.1.0.0/16",
            "destination_ipv6_cidr_block": "",
            "destination_prefix_list_id": "",
            "egress_only_gateway_id": "",
            "gateway_id": "",
            "id": "r-rtb-0387a94a3347afbbe3322942084",
            "instance_id": "",
            "instance_owner_id": "",
            "local_gateway_id": "",
            "nat_gateway_id": "",
            "network_interface_id": "",
            "origin": "CreateRoute",
            "route_table_id": "rtb-0387a94a3347afbbe",
            "state": "active",
            "timeouts": null,
            "transit_gateway_id": "",
            "vpc_endpoint_id": "",
            "vpc_peering_connection_id": "pcx-02b79bd691c998526"
          },
          "sensitive_attributes": [],
          "identity_schema_version": 0,
          "private": "eyJlMmJmYjczMC1lY2FhLTExZTYtOGY4OC0zNDM2M2JjN2M0YzAiOnsiY3JlYXRlIjozMDAwMDAwMDAwMDAsImRlbGV0ZSI6MzAwMDAwMDAwMDAwLCJ1cGRhdGUiOjEyMDAwMDAwMDAwMH19",
          "dependencies": [
            "aws_route_table.vpc_a_public",
            "aws_vpc.vpc_a",
            "aws_vpc.vpc_b",
            "aws_vpc_peering_connection.main"
          ]
        }
      ]
    },
    {
      "mode": "managed",
      "type": "aws_route",
      "name": "vpc_b_to_vpc_a",
      "provider": "provider[\"registry.terraform.io/hashicorp/aws\"]",
      "instances": [
        {
          "schema_version": 0,
          "attributes": {
            "carrier_gateway_id": "",
            "core_network_arn": "",
            "destination_cidr_block": "10.0.0.0/16",
            "destination_ipv6_cidr_block": "",
            "destination_prefix_list_id": "",
            "egress_only_gateway_id": "",
            "gateway_id": "",
            "id": "r-rtb-00c84bbf77b44c970179966490",
            "instance_id": "",
            "instance_owner_id": "",
            "local_gateway_id": "",
            "nat_gateway_id": "",
            "network_interface_id": "",
            "origin": "CreateRoute",
            "route_table_id": "rtb-00c84bbf77b44c970",
            "state": "active",
            "timeouts": null,
            "transit_gateway_id": "",
            "vpc_endpoint_id": "",
            "vpc_peering_connection_id": "pcx-02b79bd691c998526"
          },
          "sensitive_attributes": [],
          "identity_schema_version": 0,
          "private": "eyJlMmJmYjczMC1lY2FhLTExZTYtOGY4OC0zNDM2M2JjN2M0YzAiOnsiY3JlYXRlIjozMDAwMDAwMDAwMDAsImRlbGV0ZSI6MzAwMDAwMDAwMDAwLCJ1cGRhdGUiOjEyMDAwMDAwMDAwMH19",
          "dependencies": [
            "aws_route_table.vpc_b_private",
            "aws_vpc.vpc_a",
            "aws_vpc.vpc_b",
            "aws_vpc_peering_connection.main"
          ]
        }
      ]
    },
    {
      "mode": "managed",
      "type": "aws_route_table",
      "name": "vpc_a_private",
      "provider": "provider[\"registry.terraform.io/hashicorp/aws\"]",
      "instances": [
        {
          "schema_version": 0,
          "attributes": {
            "arn": "arn:aws:ec2:ap-southeast-1:141571819416:route-table/rtb-0184c235ec1f9bfe2",
            "id": "rtb-0184c235ec1f9bfe2",
            "owner_id": "141571819416",
            "propagating_vgws": [],
            "route": [],
            "tags": {
              "Environment": "lab",
              "ManagedBy": "Terraform",
              "Name": "security-audit-rt-vpc-a-private",
              "Project": "security-audit",
              "Purpose": "CIS-Audit-Vulnerability-Lab"
            },
            "tags_all": {
              "Environment": "lab",
              "ManagedBy": "Terraform",
              "Name": "security-audit-rt-vpc-a-private",
              "Project": "security-audit",
              "Purpose": "CIS-Audit-Vulnerability-Lab"
            },
            "timeouts": null,
            "vpc_id": "vpc-0b2e329ed907a3546"
          },
          "sensitive_attributes": [],
          "identity_schema_version": 0,
          "private": "eyJlMmJmYjczMC1lY2FhLTExZTYtOGY4OC0zNDM2M2JjN2M0YzAiOnsiY3JlYXRlIjozMDAwMDAwMDAwMDAsImRlbGV0ZSI6MzAwMDAwMDAwMDAwLCJ1cGRhdGUiOjEyMDAwMDAwMDAwMH19",
          "dependencies": [
            "aws_vpc.vpc_a"
          ]
        }
      ]
    },
    {
      "mode": "managed",
      "type": "aws_route_table",
      "name": "vpc_a_public",
      "provider": "provider[\"registry.terraform.io/hashicorp/aws\"]",
      "instances": [
        {
          "schema_version": 0,
          "attributes": {
            "arn": "arn:aws:ec2:ap-southeast-1:141571819416:route-table/rtb-0387a94a3347afbbe",
            "id": "rtb-0387a94a3347afbbe",
            "owner_id": "141571819416",
            "propagating_vgws": [],
            "route": [],
            "tags": {
              "Environment": "lab",
              "ManagedBy": "Terraform",
              "Name": "security-audit-rt-vpc-a-public",
              "Project": "security-audit",
              "Purpose": "CIS-Audit-Vulnerability-Lab"
            },
            "tags_all": {
              "Environment": "lab",
              "ManagedBy": "Terraform",
              "Name": "security-audit-rt-vpc-a-public",
              "Project": "security-audit",
              "Purpose": "CIS-Audit-Vulnerability-Lab"
            },
            "timeouts": null,
            "vpc_id": "vpc-0b2e329ed907a3546"
          },
          "sensitive_attributes": [],
          "identity_schema_version": 0,
          "private": "eyJlMmJmYjczMC1lY2FhLTExZTYtOGY4OC0zNDM2M2JjN2M0YzAiOnsiY3JlYXRlIjozMDAwMDAwMDAwMDAsImRlbGV0ZSI6MzAwMDAwMDAwMDAwLCJ1cGRhdGUiOjEyMDAwMDAwMDAwMH19",
          "dependencies": [
            "aws_vpc.vpc_a"
          ]
        }
      ]
    },
    {
      "mode": "managed",
      "type": "aws_route_table",
      "name": "vpc_b_private",
      "provider": "provider[\"registry.terraform.io/hashicorp/aws\"]",
      "instances": [
        {
          "schema_version": 0,
          "attributes": {
            "arn": "arn:aws:ec2:ap-southeast-1:141571819416:route-table/rtb-00c84bbf77b44c970",
            "id": "rtb-00c84bbf77b44c970",
            "owner_id": "141571819416",
            "propagating_vgws": [],
            "route": [],
            "tags": {
              "Environment": "lab",
              "ManagedBy": "Terraform",
              "Name": "security-audit-rt-vpc-b-private",
              "Project": "security-audit",
              "Purpose": "CIS-Audit-Vulnerability-Lab"
            },
            "tags_all": {
              "Environment": "lab",
              "ManagedBy": "Terraform",
              "Name": "security-audit-rt-vpc-b-private",
              "Project": "security-audit",
              "Purpose": "CIS-Audit-Vulnerability-Lab"
            },
            "timeouts": null,
            "vpc_id": "vpc-040075380fe30b359"
          },
          "sensitive_attributes": [],
          "identity_schema_version": 0,
          "private": "eyJlMmJmYjczMC1lY2FhLTExZTYtOGY4OC0zNDM2M2JjN2M0YzAiOnsiY3JlYXRlIjozMDAwMDAwMDAwMDAsImRlbGV0ZSI6MzAwMDAwMDAwMDAwLCJ1cGRhdGUiOjEyMDAwMDAwMDAwMH19",
          "dependencies": [
            "aws_vpc.vpc_b"
          ]
        }
      ]
    },
    {
      "mode": "managed",
      "type": "aws_route_table_association",
      "name": "vpc_a_private_1",
      "provider": "provider[\"registry.terraform.io/hashicorp/aws\"]",
      "instances": [
        {
          "schema_version": 0,
          "attributes": {
            "gateway_id": "",
            "id": "rtbassoc-03a888c47e817656c",
            "route_table_id": "rtb-0184c235ec1f9bfe2",
            "subnet_id": "subnet-055dceade1135f761",
            "timeouts": null
          },
          "sensitive_attributes": [],
          "identity_schema_version": 0,
          "private": "eyJlMmJmYjczMC1lY2FhLTExZTYtOGY4OC0zNDM2M2JjN2M0YzAiOnsiY3JlYXRlIjozMDAwMDAwMDAwMDAsImRlbGV0ZSI6MzAwMDAwMDAwMDAwLCJ1cGRhdGUiOjEyMDAwMDAwMDAwMH19",
          "dependencies": [
            "aws_route_table.vpc_a_private",
            "aws_subnet.vpc_a_private_1",
            "aws_vpc.vpc_a",
            "data.aws_availability_zones.available"
          ]
        }
      ]
    },
    {
      "mode": "managed",
      "type": "aws_route_table_association",
      "name": "vpc_a_private_2",
      "provider": "provider[\"registry.terraform.io/hashicorp/aws\"]",
      "instances": [
        {
          "schema_version": 0,
          "attributes": {
            "gateway_id": "",
            "id": "rtbassoc-03c4737ee26b266fd",
            "route_table_id": "rtb-0184c235ec1f9bfe2",
            "subnet_id": "subnet-0d653c1af32124730",
            "timeouts": null
          },
          "sensitive_attributes": [],
          "identity_schema_version": 0,
          "private": "eyJlMmJmYjczMC1lY2FhLTExZTYtOGY4OC0zNDM2M2JjN2M0YzAiOnsiY3JlYXRlIjozMDAwMDAwMDAwMDAsImRlbGV0ZSI6MzAwMDAwMDAwMDAwLCJ1cGRhdGUiOjEyMDAwMDAwMDAwMH19",
          "dependencies": [
            "aws_route_table.vpc_a_private",
            "aws_subnet.vpc_a_private_2",
            "aws_vpc.vpc_a",
            "data.aws_availability_zones.available"
          ]
        }
      ]
    },
    {
      "mode": "managed",
      "type": "aws_route_table_association",
      "name": "vpc_a_public_1",
      "provider": "provider[\"registry.terraform.io/hashicorp/aws\"]",
      "instances": [
        {
          "schema_version": 0,
          "attributes": {
            "gateway_id": "",
            "id": "rtbassoc-0c236402420a8d146",
            "route_table_id": "rtb-0387a94a3347afbbe",
            "subnet_id": "subnet-04bee0b6b7a6f8972",
            "timeouts": null
          },
          "sensitive_attributes": [],
          "identity_schema_version": 0,
          "private": "eyJlMmJmYjczMC1lY2FhLTExZTYtOGY4OC0zNDM2M2JjN2M0YzAiOnsiY3JlYXRlIjozMDAwMDAwMDAwMDAsImRlbGV0ZSI6MzAwMDAwMDAwMDAwLCJ1cGRhdGUiOjEyMDAwMDAwMDAwMH19",
          "dependencies": [
            "aws_route_table.vpc_a_public",
            "aws_subnet.vpc_a_public_1",
            "aws_vpc.vpc_a",
            "data.aws_availability_zones.available"
          ]
        }
      ]
    },
    {
      "mode": "managed",
      "type": "aws_route_table_association",
      "name": "vpc_a_public_2",
      "provider": "provider[\"registry.terraform.io/hashicorp/aws\"]",
      "instances": [
        {
          "schema_version": 0,
          "attributes": {
            "gateway_id": "",
            "id": "rtbassoc-0bb369cfbb37cd6ec",
            "route_table_id": "rtb-0387a94a3347afbbe",
            "subnet_id": "subnet-01bcd3d7051a17323",
            "timeouts": null
          },
          "sensitive_attributes": [],
          "identity_schema_version": 0,
          "private": "eyJlMmJmYjczMC1lY2FhLTExZTYtOGY4OC0zNDM2M2JjN2M0YzAiOnsiY3JlYXRlIjozMDAwMDAwMDAwMDAsImRlbGV0ZSI6MzAwMDAwMDAwMDAwLCJ1cGRhdGUiOjEyMDAwMDAwMDAwMH19",
          "dependencies": [
            "aws_route_table.vpc_a_public",
            "aws_subnet.vpc_a_public_2",
            "aws_vpc.vpc_a",
            "data.aws_availability_zones.available"
          ]
        }
      ]
    },
    {
      "mode": "managed",
      "type": "aws_route_table_association",
      "name": "vpc_b_private",
      "provider": "provider[\"registry.terraform.io/hashicorp/aws\"]",
      "instances": [
        {
          "schema_version": 0,
          "attributes": {
            "gateway_id": "",
            "id": "rtbassoc-09f6d5426922ceb0e",
            "route_table_id": "rtb-00c84bbf77b44c970",
            "subnet_id": "subnet-0a1fc4775369f634b",
            "timeouts": null
          },
          "sensitive_attributes": [],
          "identity_schema_version": 0,
          "private": "eyJlMmJmYjczMC1lY2FhLTExZTYtOGY4OC0zNDM2M2JjN2M0YzAiOnsiY3JlYXRlIjozMDAwMDAwMDAwMDAsImRlbGV0ZSI6MzAwMDAwMDAwMDAwLCJ1cGRhdGUiOjEyMDAwMDAwMDAwMH19",
          "dependencies": [
            "aws_route_table.vpc_b_private",
            "aws_subnet.vpc_b_private",
            "aws_vpc.vpc_b",
            "data.aws_availability_zones.available"
          ]
        }
      ]
    },
    {
      "mode": "managed",
      "type": "aws_security_group",
      "name": "ec2_vulnerable",
      "provider": "provider[\"registry.terraform.io/hashicorp/aws\"]",
      "instances": [
        {
          "schema_version": 1,
          "attributes": {
            "arn": "arn:aws:ec2:ap-southeast-1:141571819416:security-group/sg-07a84c8f47b3ee598",
            "description": "Vulnerable security group for CIS audit lab - allows SSH, RDP, SMB from anywhere",
            "egress": [],
            "id": "sg-07a84c8f47b3ee598",
            "ingress": [],
            "name": "security-audit-ec2-20260504170216520500000002",
            "name_prefix": "security-audit-ec2-",
            "owner_id": "141571819416",
            "revoke_rules_on_delete": false,
            "tags": {
              "Environment": "lab",
              "ManagedBy": "Terraform",
              "Name": "security-audit-sg-ec2-vulnerable",
              "Project": "security-audit",
              "Purpose": "CIS-Audit-Vulnerability-Lab",
              "Vulnerability": "3"
            },
            "tags_all": {
              "Environment": "lab",
              "ManagedBy": "Terraform",
              "Name": "security-audit-sg-ec2-vulnerable",
              "Project": "security-audit",
              "Purpose": "CIS-Audit-Vulnerability-Lab",
              "Vulnerability": "3"
            },
            "timeouts": null,
            "vpc_id": "vpc-0b2e329ed907a3546"
          },
          "sensitive_attributes": [],
          "identity_schema_version": 0,
          "private": "eyJlMmJmYjczMC1lY2FhLTExZTYtOGY4OC0zNDM2M2JjN2M0YzAiOnsiY3JlYXRlIjo2MDAwMDAwMDAwMDAsImRlbGV0ZSI6OTAwMDAwMDAwMDAwfSwic2NoZW1hX3ZlcnNpb24iOiIxIn0=",
          "dependencies": [
            "aws_vpc.vpc_a"
          ]
        }
      ]
    },
    {
      "mode": "managed",
      "type": "aws_subnet",
      "name": "vpc_a_private_1",
      "provider": "provider[\"registry.terraform.io/hashicorp/aws\"]",
      "instances": [
        {
          "schema_version": 1,
          "attributes": {
            "arn": "arn:aws:ec2:ap-southeast-1:141571819416:subnet/subnet-055dceade1135f761",
            "assign_ipv6_address_on_creation": false,
            "availability_zone": "ap-southeast-1a",
            "availability_zone_id": "apse1-az2",
            "cidr_block": "10.0.2.0/24",
            "customer_owned_ipv4_pool": "",
            "enable_dns64": false,
            "enable_lni_at_device_index": 0,
            "enable_resource_name_dns_a_record_on_launch": false,
            "enable_resource_name_dns_aaaa_record_on_launch": false,
            "id": "subnet-055dceade1135f761",
            "ipv6_cidr_block": "",
            "ipv6_cidr_block_association_id": "",
            "ipv6_native": false,
            "map_customer_owned_ip_on_launch": false,
            "map_public_ip_on_launch": false,
            "outpost_arn": "",
            "owner_id": "141571819416",
            "private_dns_hostname_type_on_launch": "ip-name",
            "tags": {
              "Environment": "lab",
              "ManagedBy": "Terraform",
              "Name": "security-audit-subnet-vpc-a-private-1",
              "Project": "security-audit",
              "Purpose": "CIS-Audit-Vulnerability-Lab",
              "Type": "Private"
            },
            "tags_all": {
              "Environment": "lab",
              "ManagedBy": "Terraform",
              "Name": "security-audit-subnet-vpc-a-private-1",
              "Project": "security-audit",
              "Purpose": "CIS-Audit-Vulnerability-Lab",
              "Type": "Private"
            },
            "timeouts": null,
            "vpc_id": "vpc-0b2e329ed907a3546"
          },
          "sensitive_attributes": [],
          "identity_schema_version": 0,
          "private": "eyJlMmJmYjczMC1lY2FhLTExZTYtOGY4OC0zNDM2M2JjN2M0YzAiOnsiY3JlYXRlIjo2MDAwMDAwMDAwMDAsImRlbGV0ZSI6MTIwMDAwMDAwMDAwMH0sInNjaGVtYV92ZXJzaW9uIjoiMSJ9",
          "dependencies": [
            "aws_vpc.vpc_a",
            "data.aws_availability_zones.available"
          ]
        }
      ]
    },
    {
      "mode": "managed",
      "type": "aws_subnet",
      "name": "vpc_a_private_2",
      "provider": "provider[\"registry.terraform.io/hashicorp/aws\"]",
      "instances": [
        {
          "schema_version": 1,
          "attributes": {
            "arn": "arn:aws:ec2:ap-southeast-1:141571819416:subnet/subnet-0d653c1af32124730",
            "assign_ipv6_address_on_creation": false,
            "availability_zone": "ap-southeast-1b",
            "availability_zone_id": "apse1-az1",
            "cidr_block": "10.0.4.0/24",
            "customer_owned_ipv4_pool": "",
            "enable_dns64": false,
            "enable_lni_at_device_index": 0,
            "enable_resource_name_dns_a_record_on_launch": false,
            "enable_resource_name_dns_aaaa_record_on_launch": false,
            "id": "subnet-0d653c1af32124730",
            "ipv6_cidr_block": "",
            "ipv6_cidr_block_association_id": "",
            "ipv6_native": false,
            "map_customer_owned_ip_on_launch": false,
            "map_public_ip_on_launch": false,
            "outpost_arn": "",
            "owner_id": "141571819416",
            "private_dns_hostname_type_on_launch": "ip-name",
            "tags": {
              "Environment": "lab",
              "ManagedBy": "Terraform",
              "Name": "security-audit-subnet-vpc-a-private-2",
              "Project": "security-audit",
              "Purpose": "CIS-Audit-Vulnerability-Lab",
              "Type": "Private"
            },
            "tags_all": {
              "Environment": "lab",
              "ManagedBy": "Terraform",
              "Name": "security-audit-subnet-vpc-a-private-2",
              "Project": "security-audit",
              "Purpose": "CIS-Audit-Vulnerability-Lab",
              "Type": "Private"
            },
            "timeouts": null,
            "vpc_id": "vpc-0b2e329ed907a3546"
          },
          "sensitive_attributes": [],
          "identity_schema_version": 0,
          "private": "eyJlMmJmYjczMC1lY2FhLTExZTYtOGY4OC0zNDM2M2JjN2M0YzAiOnsiY3JlYXRlIjo2MDAwMDAwMDAwMDAsImRlbGV0ZSI6MTIwMDAwMDAwMDAwMH0sInNjaGVtYV92ZXJzaW9uIjoiMSJ9",
          "dependencies": [
            "aws_vpc.vpc_a",
            "data.aws_availability_zones.available"
          ]
        }
      ]
    },
    {
      "mode": "managed",
      "type": "aws_subnet",
      "name": "vpc_a_public_1",
      "provider": "provider[\"registry.terraform.io/hashicorp/aws\"]",
      "instances": [
        {
          "schema_version": 1,
          "attributes": {
            "arn": "arn:aws:ec2:ap-southeast-1:141571819416:subnet/subnet-04bee0b6b7a6f8972",
            "assign_ipv6_address_on_creation": false,
            "availability_zone": "ap-southeast-1a",
            "availability_zone_id": "apse1-az2",
            "cidr_block": "10.0.1.0/24",
            "customer_owned_ipv4_pool": "",
            "enable_dns64": false,
            "enable_lni_at_device_index": 0,
            "enable_resource_name_dns_a_record_on_launch": false,
            "enable_resource_name_dns_aaaa_record_on_launch": false,
            "id": "subnet-04bee0b6b7a6f8972",
            "ipv6_cidr_block": "",
            "ipv6_cidr_block_association_id": "",
            "ipv6_native": false,
            "map_customer_owned_ip_on_launch": false,
            "map_public_ip_on_launch": true,
            "outpost_arn": "",
            "owner_id": "141571819416",
            "private_dns_hostname_type_on_launch": "ip-name",
            "tags": {
              "Environment": "lab",
              "ManagedBy": "Terraform",
              "Name": "security-audit-subnet-vpc-a-public-1",
              "Project": "security-audit",
              "Purpose": "CIS-Audit-Vulnerability-Lab",
              "Type": "Public"
            },
            "tags_all": {
              "Environment": "lab",
              "ManagedBy": "Terraform",
              "Name": "security-audit-subnet-vpc-a-public-1",
              "Project": "security-audit",
              "Purpose": "CIS-Audit-Vulnerability-Lab",
              "Type": "Public"
            },
            "timeouts": null,
            "vpc_id": "vpc-0b2e329ed907a3546"
          },
          "sensitive_attributes": [],
          "identity_schema_version": 0,
          "private": "eyJlMmJmYjczMC1lY2FhLTExZTYtOGY4OC0zNDM2M2JjN2M0YzAiOnsiY3JlYXRlIjo2MDAwMDAwMDAwMDAsImRlbGV0ZSI6MTIwMDAwMDAwMDAwMH0sInNjaGVtYV92ZXJzaW9uIjoiMSJ9",
          "dependencies": [
            "aws_vpc.vpc_a",
            "data.aws_availability_zones.available"
          ]
        }
      ]
    },
    {
      "mode": "managed",
      "type": "aws_subnet",
      "name": "vpc_a_public_2",
      "provider": "provider[\"registry.terraform.io/hashicorp/aws\"]",
      "instances": [
        {
          "schema_version": 1,
          "attributes": {
            "arn": "arn:aws:ec2:ap-southeast-1:141571819416:subnet/subnet-01bcd3d7051a17323",
            "assign_ipv6_address_on_creation": false,
            "availability_zone": "ap-southeast-1b",
            "availability_zone_id": "apse1-az1",
            "cidr_block": "10.0.3.0/24",
            "customer_owned_ipv4_pool": "",
            "enable_dns64": false,
            "enable_lni_at_device_index": 0,
            "enable_resource_name_dns_a_record_on_launch": false,
            "enable_resource_name_dns_aaaa_record_on_launch": false,
            "id": "subnet-01bcd3d7051a17323",
            "ipv6_cidr_block": "",
            "ipv6_cidr_block_association_id": "",
            "ipv6_native": false,
            "map_customer_owned_ip_on_launch": false,
            "map_public_ip_on_launch": true,
            "outpost_arn": "",
            "owner_id": "141571819416",
            "private_dns_hostname_type_on_launch": "ip-name",
            "tags": {
              "Environment": "lab",
              "ManagedBy": "Terraform",
              "Name": "security-audit-subnet-vpc-a-public-2",
              "Project": "security-audit",
              "Purpose": "CIS-Audit-Vulnerability-Lab",
              "Type": "Public"
            },
            "tags_all": {
              "Environment": "lab",
              "ManagedBy": "Terraform",
              "Name": "security-audit-subnet-vpc-a-public-2",
              "Project": "security-audit",
              "Purpose": "CIS-Audit-Vulnerability-Lab",
              "Type": "Public"
            },
            "timeouts": null,
            "vpc_id": "vpc-0b2e329ed907a3546"
          },
          "sensitive_attributes": [],
          "identity_schema_version": 0,
          "private": "eyJlMmJmYjczMC1lY2FhLTExZTYtOGY4OC0zNDM2M2JjN2M0YzAiOnsiY3JlYXRlIjo2MDAwMDAwMDAwMDAsImRlbGV0ZSI6MTIwMDAwMDAwMDAwMH0sInNjaGVtYV92ZXJzaW9uIjoiMSJ9",
          "dependencies": [
            "aws_vpc.vpc_a",
            "data.aws_availability_zones.available"
          ]
        }
      ]
    },
    {
      "mode": "managed",
      "type": "aws_subnet",
      "name": "vpc_b_private",
      "provider": "provider[\"registry.terraform.io/hashicorp/aws\"]",
      "instances": [
        {
          "schema_version": 1,
          "attributes": {
            "arn": "arn:aws:ec2:ap-southeast-1:141571819416:subnet/subnet-0a1fc4775369f634b",
            "assign_ipv6_address_on_creation": false,
            "availability_zone": "ap-southeast-1a",
            "availability_zone_id": "apse1-az2",
            "cidr_block": "10.1.1.0/24",
            "customer_owned_ipv4_pool": "",
            "enable_dns64": false,
            "enable_lni_at_device_index": 0,
            "enable_resource_name_dns_a_record_on_launch": false,
            "enable_resource_name_dns_aaaa_record_on_launch": false,
            "id": "subnet-0a1fc4775369f634b",
            "ipv6_cidr_block": "",
            "ipv6_cidr_block_association_id": "",
            "ipv6_native": false,
            "map_customer_owned_ip_on_launch": false,
            "map_public_ip_on_launch": false,
            "outpost_arn": "",
            "owner_id": "141571819416",
            "private_dns_hostname_type_on_launch": "ip-name",
            "tags": {
              "Environment": "lab",
              "ManagedBy": "Terraform",
              "Name": "security-audit-subnet-vpc-b-private",
              "Project": "security-audit",
              "Purpose": "CIS-Audit-Vulnerability-Lab",
              "Type": "Private"
            },
            "tags_all": {
              "Environment": "lab",
              "ManagedBy": "Terraform",
              "Name": "security-audit-subnet-vpc-b-private",
              "Project": "security-audit",
              "Purpose": "CIS-Audit-Vulnerability-Lab",
              "Type": "Private"
            },
            "timeouts": null,
            "vpc_id": "vpc-040075380fe30b359"
          },
          "sensitive_attributes": [],
          "identity_schema_version": 0,
          "private": "eyJlMmJmYjczMC1lY2FhLTExZTYtOGY4OC0zNDM2M2JjN2M0YzAiOnsiY3JlYXRlIjo2MDAwMDAwMDAwMDAsImRlbGV0ZSI6MTIwMDAwMDAwMDAwMH0sInNjaGVtYV92ZXJzaW9uIjoiMSJ9",
          "dependencies": [
            "aws_vpc.vpc_b",
            "data.aws_availability_zones.available"
          ]
        }
      ]
    },
    {
      "mode": "managed",
      "type": "aws_vpc",
      "name": "vpc_a",
      "provider": "provider[\"registry.terraform.io/hashicorp/aws\"]",
      "instances": [
        {
          "schema_version": 1,
          "attributes": {
            "arn": "arn:aws:ec2:ap-southeast-1:141571819416:vpc/vpc-0b2e329ed907a3546",
            "assign_generated_ipv6_cidr_block": false,
            "cidr_block": "10.0.0.0/16",
            "default_network_acl_id": "acl-0752d10abd5ca415d",
            "default_route_table_id": "rtb-0ecf24188148e903b",
            "default_security_group_id": "sg-0330e7dbc862c8b78",
            "dhcp_options_id": "dopt-0f7d391d0a01b35d5",
            "enable_dns_hostnames": true,
            "enable_dns_support": true,
            "enable_network_address_usage_metrics": false,
            "id": "vpc-0b2e329ed907a3546",
            "instance_tenancy": "default",
            "ipv4_ipam_pool_id": null,
            "ipv4_netmask_length": null,
            "ipv6_association_id": "",
            "ipv6_cidr_block": "",
            "ipv6_cidr_block_network_border_group": "",
            "ipv6_ipam_pool_id": "",
            "ipv6_netmask_length": 0,
            "main_route_table_id": "rtb-0ecf24188148e903b",
            "owner_id": "141571819416",
            "tags": {
              "Environment": "lab",
              "ManagedBy": "Terraform",
              "Name": "security-audit-vpc-a",
              "Project": "security-audit",
              "Purpose": "CIS-Audit-Vulnerability-Lab"
            },
            "tags_all": {
              "Environment": "lab",
              "ManagedBy": "Terraform",
              "Name": "security-audit-vpc-a",
              "Project": "security-audit",
              "Purpose": "CIS-Audit-Vulnerability-Lab"
            }
          },
          "sensitive_attributes": [],
          "identity_schema_version": 0,
          "private": "eyJzY2hlbWFfdmVyc2lvbiI6IjEifQ=="
        }
      ]
    },
    {
      "mode": "managed",
      "type": "aws_vpc",
      "name": "vpc_b",
      "provider": "provider[\"registry.terraform.io/hashicorp/aws\"]",
      "instances": [
        {
          "schema_version": 1,
          "attributes": {
            "arn": "arn:aws:ec2:ap-southeast-1:141571819416:vpc/vpc-040075380fe30b359",
            "assign_generated_ipv6_cidr_block": false,
            "cidr_block": "10.1.0.0/16",
            "default_network_acl_id": "acl-0b22c157096ce6832",
            "default_route_table_id": "rtb-0dafeed39afa917b2",
            "default_security_group_id": "sg-0023cc15ea9404741",
            "dhcp_options_id": "dopt-0f7d391d0a01b35d5",
            "enable_dns_hostnames": true,
            "enable_dns_support": true,
            "enable_network_address_usage_metrics": false,
            "id": "vpc-040075380fe30b359",
            "instance_tenancy": "default",
            "ipv4_ipam_pool_id": null,
            "ipv4_netmask_length": null,
            "ipv6_association_id": "",
            "ipv6_cidr_block": "",
            "ipv6_cidr_block_network_border_group": "",
            "ipv6_ipam_pool_id": "",
            "ipv6_netmask_length": 0,
            "main_route_table_id": "rtb-0dafeed39afa917b2",
            "owner_id": "141571819416",
            "tags": {
              "Environment": "lab",
              "ManagedBy": "Terraform",
              "Name": "security-audit-vpc-b",
              "Project": "security-audit",
              "Purpose": "CIS-Audit-Vulnerability-Lab"
            },
            "tags_all": {
              "Environment": "lab",
              "ManagedBy": "Terraform",
              "Name": "security-audit-vpc-b",
              "Project": "security-audit",
              "Purpose": "CIS-Audit-Vulnerability-Lab"
            }
          },
          "sensitive_attributes": [],
          "identity_schema_version": 0,
          "private": "eyJzY2hlbWFfdmVyc2lvbiI6IjEifQ=="
        }
      ]
    },
    {
      "mode": "managed",
      "type": "aws_vpc_peering_connection",
      "name": "main",
      "provider": "provider[\"registry.terraform.io/hashicorp/aws\"]",
      "instances": [
        {
          "schema_version": 0,
          "attributes": {
            "accept_status": "pending-acceptance",
            "accepter": [],
            "auto_accept": null,
            "id": "pcx-02b79bd691c998526",
            "peer_owner_id": "141571819416",
            "peer_region": "ap-southeast-1",
            "peer_vpc_id": "vpc-040075380fe30b359",
            "requester": [
              {
                "allow_remote_vpc_dns_resolution": false
              }
            ],
            "tags": {
              "Environment": "lab",
              "ManagedBy": "Terraform",
              "Name": "security-audit-peering-vpc-a-vpc-b",
              "Project": "security-audit",
              "Purpose": "CIS-Audit-Vulnerability-Lab"
            },
            "tags_all": {
              "Environment": "lab",
              "ManagedBy": "Terraform",
              "Name": "security-audit-peering-vpc-a-vpc-b",
              "Project": "security-audit",
              "Purpose": "CIS-Audit-Vulnerability-Lab"
            },
            "timeouts": null,
            "vpc_id": "vpc-0b2e329ed907a3546"
          },
          "sensitive_attributes": [],
          "identity_schema_version": 0,
          "private": "eyJlMmJmYjczMC1lY2FhLTExZTYtOGY4OC0zNDM2M2JjN2M0YzAiOnsiY3JlYXRlIjo2MDAwMDAwMDAwMCwiZGVsZXRlIjo2MDAwMDAwMDAwMCwidXBkYXRlIjo2MDAwMDAwMDAwMH19",
          "dependencies": [
            "aws_vpc.vpc_a",
            "aws_vpc.vpc_b"
          ]
        }
      ]
    },
    {
      "mode": "managed",
      "type": "aws_vpc_peering_connection_accepter",
      "name": "main",
      "provider": "provider[\"registry.terraform.io/hashicorp/aws\"]",
      "instances": [
        {
          "schema_version": 0,
          "attributes": {
            "accept_status": "active",
            "accepter": [
              {
                "allow_remote_vpc_dns_resolution": false
              }
            ],
            "auto_accept": true,
            "id": "pcx-02b79bd691c998526",
            "peer_owner_id": "141571819416",
            "peer_region": "ap-southeast-1",
            "peer_vpc_id": "vpc-040075380fe30b359",
            "requester": [
              {
                "allow_remote_vpc_dns_resolution": false
              }
            ],
            "tags": {
              "Environment": "lab",
              "ManagedBy": "Terraform",
              "Name": "security-audit-peering-accepter",
              "Project": "security-audit",
              "Purpose": "CIS-Audit-Vulnerability-Lab"
            },
            "tags_all": {
              "Environment": "lab",
              "ManagedBy": "Terraform",
              "Name": "security-audit-peering-accepter",
              "Project": "security-audit",
              "Purpose": "CIS-Audit-Vulnerability-Lab"
            },
            "timeouts": null,
            "vpc_id": "vpc-0b2e329ed907a3546",
            "vpc_peering_connection_id": "pcx-02b79bd691c998526"
          },
          "sensitive_attributes": [],
          "identity_schema_version": 0,
          "private": "eyJlMmJmYjczMC1lY2FhLTExZTYtOGY4OC0zNDM2M2JjN2M0YzAiOnsiY3JlYXRlIjo2MDAwMDAwMDAwMCwidXBkYXRlIjo2MDAwMDAwMDAwMH19",
          "dependencies": [
            "aws_vpc.vpc_a",
            "aws_vpc.vpc_b",
            "aws_vpc_peering_connection.main"
          ]
        }
      ]
    },
    {
      "mode": "managed",
      "type": "aws_vpc_security_group_egress_rule",
      "name": "ec2_all_outbound",
      "provider": "provider[\"registry.terraform.io/hashicorp/aws\"]",
      "instances": [
        {
          "schema_version": 0,
          "attributes": {
            "arn": "arn:aws:ec2:ap-southeast-1:141571819416:security-group-rule/sgr-04d0dd857ceadf14f",
            "cidr_ipv4": "0.0.0.0/0",
            "cidr_ipv6": null,
            "description": null,
            "from_port": -1,
            "id": "sgr-04d0dd857ceadf14f",
            "ip_protocol": "-1",
            "prefix_list_id": null,
            "referenced_security_group_id": null,
            "security_group_id": "sg-07a84c8f47b3ee598",
            "security_group_rule_id": "sgr-04d0dd857ceadf14f",
            "tags": {
              "Name": "Allow all outbound traffic"
            },
            "tags_all": {
              "Environment": "lab",
              "ManagedBy": "Terraform",
              "Name": "Allow all outbound traffic",
              "Project": "security-audit",
              "Purpose": "CIS-Audit-Vulnerability-Lab"
            },
            "to_port": -1
          },
          "sensitive_attributes": [],
          "identity_schema_version": 0,
          "dependencies": [
            "aws_security_group.ec2_vulnerable",
            "aws_vpc.vpc_a"
          ]
        }
      ]
    },
    {
      "mode": "managed",
      "type": "aws_vpc_security_group_egress_rule",
      "name": "ec2_all_outbound_ipv6",
      "provider": "provider[\"registry.terraform.io/hashicorp/aws\"]",
      "instances": [
        {
          "schema_version": 0,
          "attributes": {
            "arn": "arn:aws:ec2:ap-southeast-1:141571819416:security-group-rule/sgr-062e13d6eb0be9915",
            "cidr_ipv4": null,
            "cidr_ipv6": "::/0",
            "description": null,
            "from_port": -1,
            "id": "sgr-062e13d6eb0be9915",
            "ip_protocol": "-1",
            "prefix_list_id": null,
            "referenced_security_group_id": null,
            "security_group_id": "sg-07a84c8f47b3ee598",
            "security_group_rule_id": "sgr-062e13d6eb0be9915",
            "tags": {
              "Name": "Allow all outbound traffic (IPv6)"
            },
            "tags_all": {
              "Environment": "lab",
              "ManagedBy": "Terraform",
              "Name": "Allow all outbound traffic (IPv6)",
              "Project": "security-audit",
              "Purpose": "CIS-Audit-Vulnerability-Lab"
            },
            "to_port": -1
          },
          "sensitive_attributes": [],
          "identity_schema_version": 0,
          "dependencies": [
            "aws_security_group.ec2_vulnerable",
            "aws_vpc.vpc_a"
          ]
        }
      ]
    },
    {
      "mode": "managed",
      "type": "aws_vpc_security_group_ingress_rule",
      "name": "ec2_rdp_ipv4",
      "provider": "provider[\"registry.terraform.io/hashicorp/aws\"]",
      "instances": [
        {
          "schema_version": 0,
          "attributes": {
            "arn": "arn:aws:ec2:ap-southeast-1:141571819416:security-group-rule/sgr-06cb8a1a35018a168",
            "cidr_ipv4": "0.0.0.0/0",
            "cidr_ipv6": null,
            "description": null,
            "from_port": 3389,
            "id": "sgr-06cb8a1a35018a168",
            "ip_protocol": "tcp",
            "prefix_list_id": null,
            "referenced_security_group_id": null,
            "security_group_id": "sg-07a84c8f47b3ee598",
            "security_group_rule_id": "sgr-06cb8a1a35018a168",
            "tags": {
              "Name": "Allow RDP from anywhere (IPv4)"
            },
            "tags_all": {
              "Environment": "lab",
              "ManagedBy": "Terraform",
              "Name": "Allow RDP from anywhere (IPv4)",
              "Project": "security-audit",
              "Purpose": "CIS-Audit-Vulnerability-Lab"
            },
            "to_port": 3389
          },
          "sensitive_attributes": [],
          "identity_schema_version": 0,
          "dependencies": [
            "aws_security_group.ec2_vulnerable",
            "aws_vpc.vpc_a"
          ]
        }
      ]
    },
    {
      "mode": "managed",
      "type": "aws_vpc_security_group_ingress_rule",
      "name": "ec2_rdp_ipv6",
      "provider": "provider[\"registry.terraform.io/hashicorp/aws\"]",
      "instances": [
        {
          "schema_version": 0,
          "attributes": {
            "arn": "arn:aws:ec2:ap-southeast-1:141571819416:security-group-rule/sgr-0369108b2b79a583d",
            "cidr_ipv4": null,
            "cidr_ipv6": "::/0",
            "description": null,
            "from_port": 3389,
            "id": "sgr-0369108b2b79a583d",
            "ip_protocol": "tcp",
            "prefix_list_id": null,
            "referenced_security_group_id": null,
            "security_group_id": "sg-07a84c8f47b3ee598",
            "security_group_rule_id": "sgr-0369108b2b79a583d",
            "tags": {
              "Name": "Allow RDP from anywhere (IPv6)"
            },
            "tags_all": {
              "Environment": "lab",
              "ManagedBy": "Terraform",
              "Name": "Allow RDP from anywhere (IPv6)",
              "Project": "security-audit",
              "Purpose": "CIS-Audit-Vulnerability-Lab"
            },
            "to_port": 3389
          },
          "sensitive_attributes": [],
          "identity_schema_version": 0,
          "dependencies": [
            "aws_security_group.ec2_vulnerable",
            "aws_vpc.vpc_a"
          ]
        }
      ]
    },
    {
      "mode": "managed",
      "type": "aws_vpc_security_group_ingress_rule",
      "name": "ec2_smb_ipv4",
      "provider": "provider[\"registry.terraform.io/hashicorp/aws\"]",
      "instances": [
        {
          "schema_version": 0,
          "attributes": {
            "arn": "arn:aws:ec2:ap-southeast-1:141571819416:security-group-rule/sgr-0f51cf82025eacc09",
            "cidr_ipv4": "0.0.0.0/0",
            "cidr_ipv6": null,
            "description": null,
            "from_port": 445,
            "id": "sgr-0f51cf82025eacc09",
            "ip_protocol": "tcp",
            "prefix_list_id": null,
            "referenced_security_group_id": null,
            "security_group_id": "sg-07a84c8f47b3ee598",
            "security_group_rule_id": "sgr-0f51cf82025eacc09",
            "tags": {
              "Name": "Allow SMB from anywhere (IPv4)"
            },
            "tags_all": {
              "Environment": "lab",
              "ManagedBy": "Terraform",
              "Name": "Allow SMB from anywhere (IPv4)",
              "Project": "security-audit",
              "Purpose": "CIS-Audit-Vulnerability-Lab"
            },
            "to_port": 445
          },
          "sensitive_attributes": [],
          "identity_schema_version": 0,
          "dependencies": [
            "aws_security_group.ec2_vulnerable",
            "aws_vpc.vpc_a"
          ]
        }
      ]
    },
    {
      "mode": "managed",
      "type": "aws_vpc_security_group_ingress_rule",
      "name": "ec2_smb_ipv6",
      "provider": "provider[\"registry.terraform.io/hashicorp/aws\"]",
      "instances": [
        {
          "schema_version": 0,
          "attributes": {
            "arn": "arn:aws:ec2:ap-southeast-1:141571819416:security-group-rule/sgr-0fd7da8329f0e19a0",
            "cidr_ipv4": null,
            "cidr_ipv6": "::/0",
            "description": null,
            "from_port": 445,
            "id": "sgr-0fd7da8329f0e19a0",
            "ip_protocol": "tcp",
            "prefix_list_id": null,
            "referenced_security_group_id": null,
            "security_group_id": "sg-07a84c8f47b3ee598",
            "security_group_rule_id": "sgr-0fd7da8329f0e19a0",
            "tags": {
              "Name": "Allow SMB from anywhere (IPv6)"
            },
            "tags_all": {
              "Environment": "lab",
              "ManagedBy": "Terraform",
              "Name": "Allow SMB from anywhere (IPv6)",
              "Project": "security-audit",
              "Purpose": "CIS-Audit-Vulnerability-Lab"
            },
            "to_port": 445
          },
          "sensitive_attributes": [],
          "identity_schema_version": 0,
          "dependencies": [
            "aws_security_group.ec2_vulnerable",
            "aws_vpc.vpc_a"
          ]
        }
      ]
    },
    {
      "mode": "managed",
      "type": "aws_vpc_security_group_ingress_rule",
      "name": "ec2_ssh_ipv4",
      "provider": "provider[\"registry.terraform.io/hashicorp/aws\"]",
      "instances": [
        {
          "schema_version": 0,
          "attributes": {
            "arn": "arn:aws:ec2:ap-southeast-1:141571819416:security-group-rule/sgr-06211349d078518fc",
            "cidr_ipv4": "0.0.0.0/0",
            "cidr_ipv6": null,
            "description": null,
            "from_port": 22,
            "id": "sgr-06211349d078518fc",
            "ip_protocol": "tcp",
            "prefix_list_id": null,
            "referenced_security_group_id": null,
            "security_group_id": "sg-07a84c8f47b3ee598",
            "security_group_rule_id": "sgr-06211349d078518fc",
            "tags": {
              "Name": "Allow SSH from anywhere (IPv4)"
            },
            "tags_all": {
              "Environment": "lab",
              "ManagedBy": "Terraform",
              "Name": "Allow SSH from anywhere (IPv4)",
              "Project": "security-audit",
              "Purpose": "CIS-Audit-Vulnerability-Lab"
            },
            "to_port": 22
          },
          "sensitive_attributes": [],
          "identity_schema_version": 0,
          "dependencies": [
            "aws_security_group.ec2_vulnerable",
            "aws_vpc.vpc_a"
          ]
        }
      ]
    },
    {
      "mode": "managed",
      "type": "aws_vpc_security_group_ingress_rule",
      "name": "ec2_ssh_ipv6",
      "provider": "provider[\"registry.terraform.io/hashicorp/aws\"]",
      "instances": [
        {
          "schema_version": 0,
          "attributes": {
            "arn": "arn:aws:ec2:ap-southeast-1:141571819416:security-group-rule/sgr-0667d286fe14dd495",
            "cidr_ipv4": null,
            "cidr_ipv6": "::/0",
            "description": null,
            "from_port": 22,
            "id": "sgr-0667d286fe14dd495",
            "ip_protocol": "tcp",
            "prefix_list_id": null,
            "referenced_security_group_id": null,
            "security_group_id": "sg-07a84c8f47b3ee598",
            "security_group_rule_id": "sgr-0667d286fe14dd495",
            "tags": {
              "Name": "Allow SSH from anywhere (IPv6)"
            },
            "tags_all": {
              "Environment": "lab",
              "ManagedBy": "Terraform",
              "Name": "Allow SSH from anywhere (IPv6)",
              "Project": "security-audit",
              "Purpose": "CIS-Audit-Vulnerability-Lab"
            },
            "to_port": 22
          },
          "sensitive_attributes": [],
          "identity_schema_version": 0,
          "dependencies": [
            "aws_security_group.ec2_vulnerable",
            "aws_vpc.vpc_a"
          ]
        }
      ]
    }
  ],
  "check_results": null
}
